
Microsoft Visual Studio Solution File, Format Version 12.00
# Visual Studio 15
VisualStudioVersion = 15.0.27428.2015
MinimumVisualStudioVersion = 10.0.40219.1
Project("{9A19103F-16F7-4668-BE54-9A1E7A4F7556}") = "initdb", "initdb\initdb.csproj", "{5B9AABF1-CE54-43B4-B943-667CDCE98D21}"
EndProject
Project("{9A19103F-16F7-4668-BE54-9A1E7A4F7556}") = "entitymodel", "entitymodel\entitymodel.csproj", "{DCBEDB5E-A641-4896-B0FA-5A7BDAF1FC36}"
EndProject
Project("{9A19103F-16F7-4668-BE54-9A1E7A4F7556}") = "database", "database\database.csproj", "{90EE8DD8-4BEA-4952-92AA-55D0FD2B6FFE}"
EndProject
Global
	GlobalSection(SolutionConfigurationPlatforms) = preSolution
		Debug|Any CPU = Debug|Any CPU
		Release|Any CPU = Release|Any CPU
	EndGlobalSection
	GlobalSection(ProjectConfigurationPlatforms) = postSolution
		{5B9AABF1-CE54-43B4-B943-667CDCE98D21}.Debug|Any CPU.ActiveCfg = Debug|Any CPU
		{5B9AABF1-CE54-43B4-B943-667CDCE98D21}.Debug|Any CPU.Build.0 = Debug|Any CPU
		{5B9AABF1-CE54-43B4-B943-667CDCE98D21}.Release|Any CPU.ActiveCfg = Release|Any CPU
		{5B9AABF1-CE54-43B4-B943-667CDCE98D21}.Release|Any CPU.Build.0 = Release|Any CPU
		{DCBEDB5E-A641-4896-B0FA-5A7BDAF1FC36}.Debug|Any CPU.ActiveCfg = Debug|Any CPU
		{DCBEDB5E-A641-4896-B0FA-5A7BDAF1FC36}.Debug|Any CPU.Build.0 = Debug|Any CPU
		{DCBEDB5E-A641-4896-B0FA-5A7BDAF1FC36}.Release|Any CPU.ActiveCfg = Release|Any CPU
		{DCBEDB5E-A641-4896-B0FA-5A7BDAF1FC36}.Release|Any CPU.Build.0 = Release|Any CPU
		{90EE8DD8-4BEA-4952-92AA-55D0FD2B6FFE}.Debug|Any CPU.ActiveCfg = Debug|Any CPU
		{90EE8DD8-4BEA-4952-92AA-55D0FD2B6FFE}.Debug|Any CPU.Build.0 = Debug|Any CPU
		{90EE8DD8-4BEA-4952-92AA-55D0FD2B6FFE}.Release|Any CPU.ActiveCfg = Release|Any CPU
		{90EE8DD8-4BEA-4952-92AA-55D0FD2B6FFE}.Release|Any CPU.Build.0 = Release|Any CPU
	EndGlobalSection
	GlobalSection(SolutionProperties) = preSolution
		HideSolutionNode = FALSE
	EndGlobalSection
	GlobalSection(ExtensibilityGlobals) = postSolution
		SolutionGuid = {0D84C101-44FA-4C7E-AD3A-EF4C232C7A99}
	EndGlobalSection
EndGlobal
